# This file is automatically @generated by Cargo.
# It is not intended for manual editing.
version = 4

[[package]]
name = "mock-example-project"
version = "0.1.0"
dependencies = [
 "mock-lib",
]

[[package]]
name = "mock-lib"
version = "0.1.0"

[[package]]
name = "mock-lib-derive"
version = "0.1.0"
